
Microsoft Visual Studio Solution File, Format Version 12.00
# Visual Studio Version 17
VisualStudioVersion = 17.9.34902.65
MinimumVisualStudioVersion = 10.0.40219.1
Project("{9A19103F-16F7-4668-BE54-9A1E7A4F7556}") = "ScriptureToolBoxComparison", "ScriptureToolBoxComparison\ScriptureToolBoxComparison.csproj", "{6DEF8536-23FC-465C-8D22-432B371835D6}"
EndProject
Project("{9A19103F-16F7-4668-BE54-9A1E7A4F7556}") = "ScriptureToolBoxComparison.Core", "ScriptureToolBoxComparison.Core\ScriptureToolBoxComparison.Core.csproj", "{5186774B-5BAD-4B23-885F-F9BA1CF26917}"
EndProject
Project("{9A19103F-16F7-4668-BE54-9A1E7A4F7556}") = "ScriptureToolBoxComparison.Documents.Null", "ScriptureToolBoxComparison.Documents.Null\ScriptureToolBoxComparison.Documents.Null.csproj", "{A756A2F6-2262-4633-9961-68E23B50CDFE}"
EndProject
Project("{9A19103F-16F7-4668-BE54-9A1E7A4F7556}") = "ScriptureToolBoxComparison.Orders.Original", "ScriptureToolBoxComparison.Orders.Original\ScriptureToolBoxComparison.Orders.Original.csproj", "{30A07A22-D304-4224-BE6D-930D3F0A1BBB}"
EndProject
Project("{9A19103F-16F7-4668-BE54-9A1E7A4F7556}") = "ScriptureToolBoxComparison.Orders.Sort", "ScriptureToolBoxComparison.Orders.Sort\ScriptureToolBoxComparison.Orders.Sort.csproj", "{B3F0B487-B7EA-4DFF-9500-687FF03BB01A}"
EndProject
Project("{9A19103F-16F7-4668-BE54-9A1E7A4F7556}") = "ScriptureToolBoxComparison.Documents.XMLLog", "ScriptureToolBoxComparison.Documents.XMLLog\ScriptureToolBoxComparison.Documents.XMLLog.csproj", "{B72FABF2-AC15-49FB-9399-CF6FD51C9E30}"
EndProject
Project("{9A19103F-16F7-4668-BE54-9A1E7A4F7556}") = "ScriptureToolBoxComparison.Documents.HTML", "ScriptureToolBoxComparison.Documents.HTML\ScriptureToolBoxComparison.Documents.HTML.csproj", "{586360AC-6DCE-4F04-8EF8-D085CDABDE5A}"
EndProject
Project("{9A19103F-16F7-4668-BE54-9A1E7A4F7556}") = "ScriptureToolBoxComparison.Documents.TextLog", "ScriptureToolBoxComparison.Documents.TextLog\ScriptureToolBoxComparison.Documents.TextLog.csproj", "{F040900F-5A5E-4E2B-901D-EF20DB09B085}"
EndProject
Project("{9A19103F-16F7-4668-BE54-9A1E7A4F7556}") = "ScriptureToolBoxComparison.Documents.Multiple", "ScriptureToolBoxComparison.Documents.Multiple\ScriptureToolBoxComparison.Documents.Multiple.csproj", "{4599AF13-9103-4415-A85C-9BF15632042F}"
EndProject
Project("{9A19103F-16F7-4668-BE54-9A1E7A4F7556}") = "ScriptureToolBoxComparisonDownload", "ScriptureToolBoxComparisonDownload\ScriptureToolBoxComparisonDownload.csproj", "{AB99D689-843D-41B6-9166-F80FBBCADF92}"
EndProject
Project("{FAE04EC0-301F-11D3-BF4B-00C04F79EFBC}") = "ScriptureToolBoxComparison.Documents.GemBox", "ScriptureToolBoxComparison.Documents.GemBox\ScriptureToolBoxComparison.Documents.GemBox.csproj", "{560A7B6F-BB47-4AF8-8835-FECCA5306E5B}"
EndProject
Project("{FAE04EC0-301F-11D3-BF4B-00C04F79EFBC}") = "ScriptureToolBoxComparison.Documents.FreeSpire", "ScriptureToolBoxComparison.Documents.FreeSpire\ScriptureToolBoxComparison.Documents.FreeSpire.csproj", "{D5ECD719-B9B6-4B7D-8585-D2B5426E6B58}"
EndProject
Global
	GlobalSection(SolutionConfigurationPlatforms) = preSolution
		Debug|Any CPU = Debug|Any CPU
		Release|Any CPU = Release|Any CPU
	EndGlobalSection
	GlobalSection(ProjectConfigurationPlatforms) = postSolution
		{6DEF8536-23FC-465C-8D22-432B371835D6}.Debug|Any CPU.ActiveCfg = Debug|Any CPU
		{6DEF8536-23FC-465C-8D22-432B371835D6}.Debug|Any CPU.Build.0 = Debug|Any CPU
		{6DEF8536-23FC-465C-8D22-432B371835D6}.Release|Any CPU.ActiveCfg = Release|Any CPU
		{6DEF8536-23FC-465C-8D22-432B371835D6}.Release|Any CPU.Build.0 = Release|Any CPU
		{5186774B-5BAD-4B23-885F-F9BA1CF26917}.Debug|Any CPU.ActiveCfg = Debug|Any CPU
		{5186774B-5BAD-4B23-885F-F9BA1CF26917}.Debug|Any CPU.Build.0 = Debug|Any CPU
		{5186774B-5BAD-4B23-885F-F9BA1CF26917}.Release|Any CPU.ActiveCfg = Release|Any CPU
		{5186774B-5BAD-4B23-885F-F9BA1CF26917}.Release|Any CPU.Build.0 = Release|Any CPU
		{A756A2F6-2262-4633-9961-68E23B50CDFE}.Debug|Any CPU.ActiveCfg = Debug|Any CPU
		{A756A2F6-2262-4633-9961-68E23B50CDFE}.Debug|Any CPU.Build.0 = Debug|Any CPU
		{A756A2F6-2262-4633-9961-68E23B50CDFE}.Release|Any CPU.ActiveCfg = Release|Any CPU
		{A756A2F6-2262-4633-9961-68E23B50CDFE}.Release|Any CPU.Build.0 = Release|Any CPU
		{30A07A22-D304-4224-BE6D-930D3F0A1BBB}.Debug|Any CPU.ActiveCfg = Debug|Any CPU
		{30A07A22-D304-4224-BE6D-930D3F0A1BBB}.Debug|Any CPU.Build.0 = Debug|Any CPU
		{30A07A22-D304-4224-BE6D-930D3F0A1BBB}.Release|Any CPU.ActiveCfg = Release|Any CPU
		{30A07A22-D304-4224-BE6D-930D3F0A1BBB}.Release|Any CPU.Build.0 = Release|Any CPU
		{B3F0B487-B7EA-4DFF-9500-687FF03BB01A}.Debug|Any CPU.ActiveCfg = Debug|Any CPU
		{B3F0B487-B7EA-4DFF-9500-687FF03BB01A}.Debug|Any CPU.Build.0 = Debug|Any CPU
		{B3F0B487-B7EA-4DFF-9500-687FF03BB01A}.Release|Any CPU.ActiveCfg = Release|Any CPU
		{B3F0B487-B7EA-4DFF-9500-687FF03BB01A}.Release|Any CPU.Build.0 = Release|Any CPU
		{B72FABF2-AC15-49FB-9399-CF6FD51C9E30}.Debug|Any CPU.ActiveCfg = Debug|Any CPU
		{B72FABF2-AC15-49FB-9399-CF6FD51C9E30}.Debug|Any CPU.Build.0 = Debug|Any CPU
		{B72FABF2-AC15-49FB-9399-CF6FD51C9E30}.Release|Any CPU.ActiveCfg = Release|Any CPU
		{B72FABF2-AC15-49FB-9399-CF6FD51C9E30}.Release|Any CPU.Build.0 = Release|Any CPU
		{586360AC-6DCE-4F04-8EF8-D085CDABDE5A}.Debug|Any CPU.ActiveCfg = Debug|Any CPU
		{586360AC-6DCE-4F04-8EF8-D085CDABDE5A}.Debug|Any CPU.Build.0 = Debug|Any CPU
		{586360AC-6DCE-4F04-8EF8-D085CDABDE5A}.Release|Any CPU.ActiveCfg = Release|Any CPU
		{586360AC-6DCE-4F04-8EF8-D085CDABDE5A}.Release|Any CPU.Build.0 = Release|Any CPU
		{F040900F-5A5E-4E2B-901D-EF20DB09B085}.Debug|Any CPU.ActiveCfg = Debug|Any CPU
		{F040900F-5A5E-4E2B-901D-EF20DB09B085}.Debug|Any CPU.Build.0 = Debug|Any CPU
		{F040900F-5A5E-4E2B-901D-EF20DB09B085}.Release|Any CPU.ActiveCfg = Release|Any CPU
		{F040900F-5A5E-4E2B-901D-EF20DB09B085}.Release|Any CPU.Build.0 = Release|Any CPU
		{4599AF13-9103-4415-A85C-9BF15632042F}.Debug|Any CPU.ActiveCfg = Debug|Any CPU
		{4599AF13-9103-4415-A85C-9BF15632042F}.Debug|Any CPU.Build.0 = Debug|Any CPU
		{4599AF13-9103-4415-A85C-9BF15632042F}.Release|Any CPU.ActiveCfg = Release|Any CPU
		{4599AF13-9103-4415-A85C-9BF15632042F}.Release|Any CPU.Build.0 = Release|Any CPU
		{AB99D689-843D-41B6-9166-F80FBBCADF92}.Debug|Any CPU.ActiveCfg = Debug|Any CPU
		{AB99D689-843D-41B6-9166-F80FBBCADF92}.Debug|Any CPU.Build.0 = Debug|Any CPU
		{AB99D689-843D-41B6-9166-F80FBBCADF92}.Release|Any CPU.ActiveCfg = Release|Any CPU
		{AB99D689-843D-41B6-9166-F80FBBCADF92}.Release|Any CPU.Build.0 = Release|Any CPU
		{560A7B6F-BB47-4AF8-8835-FECCA5306E5B}.Debug|Any CPU.ActiveCfg = Debug|Any CPU
		{560A7B6F-BB47-4AF8-8835-FECCA5306E5B}.Debug|Any CPU.Build.0 = Debug|Any CPU
		{560A7B6F-BB47-4AF8-8835-FECCA5306E5B}.Release|Any CPU.ActiveCfg = Release|Any CPU
		{560A7B6F-BB47-4AF8-8835-FECCA5306E5B}.Release|Any CPU.Build.0 = Release|Any CPU
		{D5ECD719-B9B6-4B7D-8585-D2B5426E6B58}.Debug|Any CPU.ActiveCfg = Debug|Any CPU
		{D5ECD719-B9B6-4B7D-8585-D2B5426E6B58}.Debug|Any CPU.Build.0 = Debug|Any CPU
		{D5ECD719-B9B6-4B7D-8585-D2B5426E6B58}.Release|Any CPU.ActiveCfg = Release|Any CPU
		{D5ECD719-B9B6-4B7D-8585-D2B5426E6B58}.Release|Any CPU.Build.0 = Release|Any CPU
	EndGlobalSection
	GlobalSection(SolutionProperties) = preSolution
		HideSolutionNode = FALSE
	EndGlobalSection
	GlobalSection(ExtensibilityGlobals) = postSolution
		SolutionGuid = {1399EFFB-1272-42D3-B8D5-D22291D563BC}
	EndGlobalSection
EndGlobal
